# F-10 FIX: Pinned dependency versions for reproducible builds.
# Generated from pip freeze. Use `pip install -r requirements.lock` for production.
# Update periodically and re-test: `pip install --upgrade -r requirements.txt && pip freeze > requirements.lock`
python-dotenv==1.2.2
pydantic==2.13.3
ccxt==4.5.56
python-telegram-bot==22.7
openai==2.38.0
anthropic==0.104.1
numpy==2.3.5
aiohttp==3.14.3
websockets==16.0
cryptography==50.0.0
# ── Added 2026-08-17, after cards stopped rendering on a fresh venv ─────────
# The lock had ten pins and bot/ imports twenty modules. A venv built from it
# was missing Pillow, so `bot/formatters/signal_card.py` took its
# `except ImportError` branch, returned b"", and the caller's `if png:` sent
# text instead — no card, no error, one log line. The bot looked healthy.
# `tests/test_requirements_cover_imports.py` now refuses that gap.
#
# Union of two independent fixes for the same incident: `uvicorn` came from
# main (fastapi needs a server to be worth pinning), `redis` from this branch
# (bot/api/token_store.py imports it bare). Neither list was wrong; each was
# missing what the other found, which is its own argument for the guard.
Pillow==12.3.0
fastapi==0.141.1
uvicorn==0.52.3
redis==8.1.0
# ── Added 2026-08-17, same incident, one layer down ─────────────────────────
# Cards came back and charts did not. `bot/skills/chart_renderer.py` guards
# its imports the same way signal_card.py guards Pillow, and returns None on
# the missing-libs path, so /chart sent text and logged one line.
#
# These three were listed in tests/optional_imports.json with the note "not
# installed in any environment today, so the chart path has never run. Pin it
# or delete the module — but that is a product decision, not a lockfile one."
# The decision has now been made: charts are a shipped feature. All 20 tests
# in tests/test_chart_renderer.py pass against these versions — they had never
# executed before, because the whole file was skipif'd on the libs it needed.
matplotlib==3.11.1
mplfinance==0.12.10b0
pandas==3.0.5
