# F-10 FIX: Pinned dependency versions for reproducible builds.
# Generated from pip freeze. Use `pip install -r requirements.lock` for production.
# Update periodically and re-test: `pip install --upgrade -r requirements.txt && pip freeze > requirements.lock`
python-dotenv==1.2.2
pydantic==2.13.3
ccxt==4.5.56
python-telegram-bot==22.7
openai==2.38.0
anthropic==0.104.1
numpy==2.3.5
aiohttp==3.14.3
websockets==16.0
cryptography==50.0.0

# ── Added 2026-08-17, after cards stopped rendering on a fresh venv ─────────
# The lock had ten pins and bot/ imports twenty modules. A venv built from it
# was missing Pillow, so `bot/formatters/signal_card.py` took its
# `except ImportError` branch, returned b"", and the caller's `if png:` sent
# text instead — no card, no error, one log line. The bot looked healthy.
# `tests/test_requirements_cover_imports.py` now refuses that gap.
Pillow==12.3.0
fastapi==0.141.1
redis==8.1.0
